
Microsoft Visual Studio Solution File, Format Version 12.00
# Visual Studio Version 17
VisualStudioVersion = 17.9.34728.123
MinimumVisualStudioVersion = 10.0.40219.1
Project("{FAE04EC0-301F-11D3-BF4B-00C04F79EFBC}") = "WpfAppWebView2", "WpfAppWebView2\WpfAppWebView2.csproj", "{1A44A8E8-8F5B-4B8C-81FE-3DFCBE7E87C0}"
EndProject
Global
	GlobalSection(SolutionConfigurationPlatforms) = preSolution
		Debug|Any CPU = Debug|Any CPU
		Release|Any CPU = Release|Any CPU
	EndGlobalSection
	GlobalSection(ProjectConfigurationPlatforms) = postSolution
		{1A44A8E8-8F5B-4B8C-81FE-3DFCBE7E87C0}.Debug|Any CPU.ActiveCfg = Debug|Any CPU
		{1A44A8E8-8F5B-4B8C-81FE-3DFCBE7E87C0}.Debug|Any CPU.Build.0 = Debug|Any CPU
		{1A44A8E8-8F5B-4B8C-81FE-3DFCBE7E87C0}.Release|Any CPU.ActiveCfg = Release|Any CPU
		{1A44A8E8-8F5B-4B8C-81FE-3DFCBE7E87C0}.Release|Any CPU.Build.0 = Release|Any CPU
	EndGlobalSection
	GlobalSection(SolutionProperties) = preSolution
		HideSolutionNode = FALSE
	EndGlobalSection
	GlobalSection(ExtensibilityGlobals) = postSolution
		SolutionGuid = {1E0A5FE0-A2D7-47AF-A0FC-FF658E6840C6}
	EndGlobalSection
EndGlobal
