
Microsoft Visual Studio Solution File, Format Version 12.00
# Visual Studio Version 17
VisualStudioVersion = 17.9.34728.123
MinimumVisualStudioVersion = 10.0.40219.1
Project("{FAE04EC0-301F-11D3-BF4B-00C04F79EFBC}") = "WindowsFormsAppCollection", "WindowsFormsAppCollection.csproj", "{11B31A1F-E80B-465D-BAFE-30797EF477C4}"
EndProject
Global
	GlobalSection(SolutionConfigurationPlatforms) = preSolution
		Debug|Any CPU = Debug|Any CPU
		Release|Any CPU = Release|Any CPU
	EndGlobalSection
	GlobalSection(ProjectConfigurationPlatforms) = postSolution
		{11B31A1F-E80B-465D-BAFE-30797EF477C4}.Debug|Any CPU.ActiveCfg = Debug|Any CPU
		{11B31A1F-E80B-465D-BAFE-30797EF477C4}.Debug|Any CPU.Build.0 = Debug|Any CPU
		{11B31A1F-E80B-465D-BAFE-30797EF477C4}.Release|Any CPU.ActiveCfg = Release|Any CPU
		{11B31A1F-E80B-465D-BAFE-30797EF477C4}.Release|Any CPU.Build.0 = Release|Any CPU
	EndGlobalSection
	GlobalSection(SolutionProperties) = preSolution
		HideSolutionNode = FALSE
	EndGlobalSection
	GlobalSection(ExtensibilityGlobals) = postSolution
		SolutionGuid = {77B6E3D1-A7DB-45E6-B5B2-DC6BE1616912}
	EndGlobalSection
EndGlobal
