
Microsoft Visual Studio Solution File, Format Version 12.00
# Visual Studio Version 17
VisualStudioVersion = 17.10.35013.160
MinimumVisualStudioVersion = 10.0.40219.1
Project("{FAE04EC0-301F-11D3-BF4B-00C04F79EFBC}") = "WindowsFormsApp_UserInput", "WindowsFormsApp_UserInput\WindowsFormsApp_UserInput.csproj", "{25638D0B-F0A4-4E90-BEFA-AE1F82500149}"
EndProject
Global
	GlobalSection(SolutionConfigurationPlatforms) = preSolution
		Debug|Any CPU = Debug|Any CPU
		Release|Any CPU = Release|Any CPU
	EndGlobalSection
	GlobalSection(ProjectConfigurationPlatforms) = postSolution
		{25638D0B-F0A4-4E90-BEFA-AE1F82500149}.Debug|Any CPU.ActiveCfg = Debug|Any CPU
		{25638D0B-F0A4-4E90-BEFA-AE1F82500149}.Debug|Any CPU.Build.0 = Debug|Any CPU
		{25638D0B-F0A4-4E90-BEFA-AE1F82500149}.Release|Any CPU.ActiveCfg = Release|Any CPU
		{25638D0B-F0A4-4E90-BEFA-AE1F82500149}.Release|Any CPU.Build.0 = Release|Any CPU
	EndGlobalSection
	GlobalSection(SolutionProperties) = preSolution
		HideSolutionNode = FALSE
	EndGlobalSection
	GlobalSection(ExtensibilityGlobals) = postSolution
		SolutionGuid = {DD5FD14C-EB77-45BC-97EE-B8EF9707686F}
	EndGlobalSection
EndGlobal
