
Microsoft Visual Studio Solution File, Format Version 12.00
# Visual Studio Version 17
VisualStudioVersion = 17.9.34728.123
MinimumVisualStudioVersion = 10.0.40219.1
Project("{FAE04EC0-301F-11D3-BF4B-00C04F79EFBC}") = "WpfAppDataBinding", "WpfAppDataBinding\WpfAppDataBinding.csproj", "{AB0FFAA0-4C27-4CBA-B718-EB1FD03613AE}"
EndProject
Global
	GlobalSection(SolutionConfigurationPlatforms) = preSolution
		Debug|Any CPU = Debug|Any CPU
		Release|Any CPU = Release|Any CPU
	EndGlobalSection
	GlobalSection(ProjectConfigurationPlatforms) = postSolution
		{AB0FFAA0-4C27-4CBA-B718-EB1FD03613AE}.Debug|Any CPU.ActiveCfg = Debug|Any CPU
		{AB0FFAA0-4C27-4CBA-B718-EB1FD03613AE}.Debug|Any CPU.Build.0 = Debug|Any CPU
		{AB0FFAA0-4C27-4CBA-B718-EB1FD03613AE}.Release|Any CPU.ActiveCfg = Release|Any CPU
		{AB0FFAA0-4C27-4CBA-B718-EB1FD03613AE}.Release|Any CPU.Build.0 = Release|Any CPU
	EndGlobalSection
	GlobalSection(SolutionProperties) = preSolution
		HideSolutionNode = FALSE
	EndGlobalSection
	GlobalSection(ExtensibilityGlobals) = postSolution
		SolutionGuid = {CCDB846F-BD61-42A0-ADE8-1FEC0ADB8CF7}
	EndGlobalSection
EndGlobal
