
Microsoft Visual Studio Solution File, Format Version 12.00
# Visual Studio Version 17
VisualStudioVersion = 17.9.34728.123
MinimumVisualStudioVersion = 10.0.40219.1
Project("{FAE04EC0-301F-11D3-BF4B-00C04F79EFBC}") = "WpfAppDictionary", "WpfAppDictionary\WpfAppDictionary.csproj", "{76D7B0C3-5B9E-4729-82BA-37F1FB9FD958}"
EndProject
Global
	GlobalSection(SolutionConfigurationPlatforms) = preSolution
		Debug|Any CPU = Debug|Any CPU
		Release|Any CPU = Release|Any CPU
	EndGlobalSection
	GlobalSection(ProjectConfigurationPlatforms) = postSolution
		{76D7B0C3-5B9E-4729-82BA-37F1FB9FD958}.Debug|Any CPU.ActiveCfg = Debug|Any CPU
		{76D7B0C3-5B9E-4729-82BA-37F1FB9FD958}.Debug|Any CPU.Build.0 = Debug|Any CPU
		{76D7B0C3-5B9E-4729-82BA-37F1FB9FD958}.Release|Any CPU.ActiveCfg = Release|Any CPU
		{76D7B0C3-5B9E-4729-82BA-37F1FB9FD958}.Release|Any CPU.Build.0 = Release|Any CPU
	EndGlobalSection
	GlobalSection(SolutionProperties) = preSolution
		HideSolutionNode = FALSE
	EndGlobalSection
	GlobalSection(ExtensibilityGlobals) = postSolution
		SolutionGuid = {3A7124D0-2007-4240-915D-997D5C4E669A}
	EndGlobalSection
EndGlobal
