
Microsoft Visual Studio Solution File, Format Version 12.00
# Visual Studio Version 17
VisualStudioVersion = 17.9.34728.123
MinimumVisualStudioVersion = 10.0.40219.1
Project("{FAE04EC0-301F-11D3-BF4B-00C04F79EFBC}") = "ConsoleAppDataframe", "ConsoleAppDataframe.csproj", "{7080FC0C-4ED9-485C-8076-72A7964E0E52}"
EndProject
Global
	GlobalSection(SolutionConfigurationPlatforms) = preSolution
		Debug|Any CPU = Debug|Any CPU
		Release|Any CPU = Release|Any CPU
	EndGlobalSection
	GlobalSection(ProjectConfigurationPlatforms) = postSolution
		{7080FC0C-4ED9-485C-8076-72A7964E0E52}.Debug|Any CPU.ActiveCfg = Debug|Any CPU
		{7080FC0C-4ED9-485C-8076-72A7964E0E52}.Debug|Any CPU.Build.0 = Debug|Any CPU
		{7080FC0C-4ED9-485C-8076-72A7964E0E52}.Release|Any CPU.ActiveCfg = Release|Any CPU
		{7080FC0C-4ED9-485C-8076-72A7964E0E52}.Release|Any CPU.Build.0 = Release|Any CPU
	EndGlobalSection
	GlobalSection(SolutionProperties) = preSolution
		HideSolutionNode = FALSE
	EndGlobalSection
	GlobalSection(ExtensibilityGlobals) = postSolution
		SolutionGuid = {BAA09FB0-5DEA-47D2-AD87-AEEB5720DD6A}
	EndGlobalSection
EndGlobal
